
Microsoft Visual Studio Solution File, Format Version 12.00
Project("{FAE04EC0-301F-11D3-BF4B-00C04F79EFBC}") = "MultiOpenGLContext", "MultiOpenGLContext\MultiOpenGLContext.csproj", "{0BE8E0EB-4A3E-411B-BB3A-123E084FCB13}"
EndProject
Global
	GlobalSection(SolutionConfigurationPlatforms) = preSolution
		Debug|Any CPU = Debug|Any CPU
		Release|Any CPU = Release|Any CPU
	EndGlobalSection
	GlobalSection(ProjectConfigurationPlatforms) = postSolution
		{0BE8E0EB-4A3E-411B-BB3A-123E084FCB13}.Debug|Any CPU.ActiveCfg = Debug|Any CPU
		{0BE8E0EB-4A3E-411B-BB3A-123E084FCB13}.Debug|Any CPU.Build.0 = Debug|Any CPU
		{0BE8E0EB-4A3E-411B-BB3A-123E084FCB13}.Release|Any CPU.ActiveCfg = Release|Any CPU
		{0BE8E0EB-4A3E-411B-BB3A-123E084FCB13}.Release|Any CPU.Build.0 = Release|Any CPU
	EndGlobalSection
EndGlobal
