
Microsoft Visual Studio Solution File, Format Version 12.00
# Visual Studio 15
VisualStudioVersion = 15.0.27130.2020
MinimumVisualStudioVersion = 10.0.40219.1
Project("{9A19103F-16F7-4668-BE54-9A1E7A4F7556}") = "Medja", "Medja\Medja.csproj", "{65219246-3497-4131-9A74-D9C86CAE26E4}"
EndProject
Project("{FAE04EC0-301F-11D3-BF4B-00C04F79EFBC}") = "MedjaTest", "MedjaTest\MedjaTest.csproj", "{27A34CAE-1F20-4334-A9A1-EB3384D67D9A}"
EndProject
Project("{9A19103F-16F7-4668-BE54-9A1E7A4F7556}") = "Medja.OpenTk", "Medja.OpenTk\Medja.OpenTk.csproj", "{6951A434-AC9F-4703-95D4-CA8CD7BFD6F1}"
EndProject
Project("{FAE04EC0-301F-11D3-BF4B-00C04F79EFBC}") = "Medja.Test", "Medja.Test\Medja.Test.csproj", "{9601D220-5121-4EB9-8A74-22605C6C6E7C}"
EndProject
Global
	GlobalSection(SolutionConfigurationPlatforms) = preSolution
		Debug|Any CPU = Debug|Any CPU
		Release|Any CPU = Release|Any CPU
	EndGlobalSection
	GlobalSection(ProjectConfigurationPlatforms) = postSolution
		{65219246-3497-4131-9A74-D9C86CAE26E4}.Debug|Any CPU.ActiveCfg = Debug|Any CPU
		{65219246-3497-4131-9A74-D9C86CAE26E4}.Debug|Any CPU.Build.0 = Debug|Any CPU
		{65219246-3497-4131-9A74-D9C86CAE26E4}.Release|Any CPU.ActiveCfg = Release|Any CPU
		{65219246-3497-4131-9A74-D9C86CAE26E4}.Release|Any CPU.Build.0 = Release|Any CPU
		{27A34CAE-1F20-4334-A9A1-EB3384D67D9A}.Debug|Any CPU.ActiveCfg = Debug|Any CPU
		{27A34CAE-1F20-4334-A9A1-EB3384D67D9A}.Debug|Any CPU.Build.0 = Debug|Any CPU
		{27A34CAE-1F20-4334-A9A1-EB3384D67D9A}.Release|Any CPU.ActiveCfg = Release|Any CPU
		{27A34CAE-1F20-4334-A9A1-EB3384D67D9A}.Release|Any CPU.Build.0 = Release|Any CPU
		{6951A434-AC9F-4703-95D4-CA8CD7BFD6F1}.Debug|Any CPU.ActiveCfg = Debug|Any CPU
		{6951A434-AC9F-4703-95D4-CA8CD7BFD6F1}.Debug|Any CPU.Build.0 = Debug|Any CPU
		{6951A434-AC9F-4703-95D4-CA8CD7BFD6F1}.Release|Any CPU.ActiveCfg = Release|Any CPU
		{6951A434-AC9F-4703-95D4-CA8CD7BFD6F1}.Release|Any CPU.Build.0 = Release|Any CPU
		{9601D220-5121-4EB9-8A74-22605C6C6E7C}.Debug|Any CPU.ActiveCfg = Debug|Any CPU
		{9601D220-5121-4EB9-8A74-22605C6C6E7C}.Debug|Any CPU.Build.0 = Debug|Any CPU
		{9601D220-5121-4EB9-8A74-22605C6C6E7C}.Release|Any CPU.ActiveCfg = Release|Any CPU
		{9601D220-5121-4EB9-8A74-22605C6C6E7C}.Release|Any CPU.Build.0 = Release|Any CPU
	EndGlobalSection
	GlobalSection(SolutionProperties) = preSolution
		HideSolutionNode = FALSE
	EndGlobalSection
	GlobalSection(ExtensibilityGlobals) = postSolution
		SolutionGuid = {C850011B-C019-4712-A4BD-05D1429E9DC6}
	EndGlobalSection
EndGlobal
