
Microsoft Visual Studio Solution File, Format Version 12.00
Project("{FAE04EC0-301F-11D3-BF4B-00C04F79EFBC}") = "Menu", "Menu\Menu.csproj", "{A9D12BAD-48C6-4F18-8D3A-F3B4880F886C}"
EndProject
Global
	GlobalSection(SolutionConfigurationPlatforms) = preSolution
		Debug|Any CPU = Debug|Any CPU
		Release|Any CPU = Release|Any CPU
	EndGlobalSection
	GlobalSection(ProjectConfigurationPlatforms) = postSolution
		{A9D12BAD-48C6-4F18-8D3A-F3B4880F886C}.Debug|Any CPU.ActiveCfg = Debug|Any CPU
		{A9D12BAD-48C6-4F18-8D3A-F3B4880F886C}.Debug|Any CPU.Build.0 = Debug|Any CPU
		{A9D12BAD-48C6-4F18-8D3A-F3B4880F886C}.Release|Any CPU.ActiveCfg = Release|Any CPU
		{A9D12BAD-48C6-4F18-8D3A-F3B4880F886C}.Release|Any CPU.Build.0 = Release|Any CPU
	EndGlobalSection
EndGlobal
