
Microsoft Visual Studio Solution File, Format Version 12.00
Project("{FAE04EC0-301F-11D3-BF4B-00C04F79EFBC}") = "Medja", "..\Medja\Medja.csproj", "{A4E4D694-62C4-4788-84B6-666B59B15B95}"
EndProject
Project("{FAE04EC0-301F-11D3-BF4B-00C04F79EFBC}") = "Medja.Utils", "..\Medja.Utils\Medja.Utils.csproj", "{8C5BD671-6A16-4F66-8C50-5B7E4E93F99E}"
EndProject
Project("{FAE04EC0-301F-11D3-BF4B-00C04F79EFBC}") = "Medja.OpenTk", "..\Medja.OpenTk\Medja.OpenTk.csproj", "{E0AB9412-D3F9-4809-B0B2-28118D014236}"
EndProject
Project("{2150E333-8FDC-42A3-9474-1A3956D46DE8}") = "libs", "libs", "{DE2EE766-9DAE-4ADF-A0E7-6794A441058B}"
EndProject
Project("{2150E333-8FDC-42A3-9474-1A3956D46DE8}") = "examples", "examples", "{600F9F9B-8055-4225-A799-C94E47FFEC0A}"
EndProject
Project("{FAE04EC0-301F-11D3-BF4B-00C04F79EFBC}") = "demo", "demo\demo.csproj", "{24DD1E38-25B9-4D7F-8685-448938B7141F}"
EndProject
Project("{FAE04EC0-301F-11D3-BF4B-00C04F79EFBC}") = "ui_tests", "ui_tests\ui_tests.csproj", "{E9C86C45-D6A4-419B-BABC-6A3A46BE6378}"
EndProject
Global
	GlobalSection(SolutionConfigurationPlatforms) = preSolution
		Debug|Any CPU = Debug|Any CPU
		Release|Any CPU = Release|Any CPU
	EndGlobalSection
	GlobalSection(ProjectConfigurationPlatforms) = postSolution
		{A4E4D694-62C4-4788-84B6-666B59B15B95}.Debug|Any CPU.ActiveCfg = Debug|Any CPU
		{A4E4D694-62C4-4788-84B6-666B59B15B95}.Debug|Any CPU.Build.0 = Debug|Any CPU
		{A4E4D694-62C4-4788-84B6-666B59B15B95}.Release|Any CPU.ActiveCfg = Release|Any CPU
		{A4E4D694-62C4-4788-84B6-666B59B15B95}.Release|Any CPU.Build.0 = Release|Any CPU
		{8C5BD671-6A16-4F66-8C50-5B7E4E93F99E}.Debug|Any CPU.ActiveCfg = Debug|Any CPU
		{8C5BD671-6A16-4F66-8C50-5B7E4E93F99E}.Debug|Any CPU.Build.0 = Debug|Any CPU
		{8C5BD671-6A16-4F66-8C50-5B7E4E93F99E}.Release|Any CPU.ActiveCfg = Release|Any CPU
		{8C5BD671-6A16-4F66-8C50-5B7E4E93F99E}.Release|Any CPU.Build.0 = Release|Any CPU
		{E0AB9412-D3F9-4809-B0B2-28118D014236}.Debug|Any CPU.ActiveCfg = Debug|Any CPU
		{E0AB9412-D3F9-4809-B0B2-28118D014236}.Debug|Any CPU.Build.0 = Debug|Any CPU
		{E0AB9412-D3F9-4809-B0B2-28118D014236}.Release|Any CPU.ActiveCfg = Release|Any CPU
		{E0AB9412-D3F9-4809-B0B2-28118D014236}.Release|Any CPU.Build.0 = Release|Any CPU
		{24DD1E38-25B9-4D7F-8685-448938B7141F}.Debug|Any CPU.ActiveCfg = Debug|Any CPU
		{24DD1E38-25B9-4D7F-8685-448938B7141F}.Debug|Any CPU.Build.0 = Debug|Any CPU
		{24DD1E38-25B9-4D7F-8685-448938B7141F}.Release|Any CPU.ActiveCfg = Release|Any CPU
		{24DD1E38-25B9-4D7F-8685-448938B7141F}.Release|Any CPU.Build.0 = Release|Any CPU
		{E9C86C45-D6A4-419B-BABC-6A3A46BE6378}.Debug|Any CPU.ActiveCfg = Debug|Any CPU
		{E9C86C45-D6A4-419B-BABC-6A3A46BE6378}.Debug|Any CPU.Build.0 = Debug|Any CPU
		{E9C86C45-D6A4-419B-BABC-6A3A46BE6378}.Release|Any CPU.ActiveCfg = Release|Any CPU
		{E9C86C45-D6A4-419B-BABC-6A3A46BE6378}.Release|Any CPU.Build.0 = Release|Any CPU
	EndGlobalSection
	GlobalSection(NestedProjects) = preSolution
		{A4E4D694-62C4-4788-84B6-666B59B15B95} = {DE2EE766-9DAE-4ADF-A0E7-6794A441058B}
		{E0AB9412-D3F9-4809-B0B2-28118D014236} = {DE2EE766-9DAE-4ADF-A0E7-6794A441058B}
		{8C5BD671-6A16-4F66-8C50-5B7E4E93F99E} = {DE2EE766-9DAE-4ADF-A0E7-6794A441058B}
		{24DD1E38-25B9-4D7F-8685-448938B7141F} = {600F9F9B-8055-4225-A799-C94E47FFEC0A}
		{E9C86C45-D6A4-419B-BABC-6A3A46BE6378} = {600F9F9B-8055-4225-A799-C94E47FFEC0A}
	EndGlobalSection
EndGlobal
